speakeasyVersion: 1.326.0
sources:
    merge-code-samples-into-spec:
        sourceNamespace: merge-code-samples-into-spec
        sourceRevisionDigest: sha256:8f6d502457483d42233f1c6654dd54aae8b93ca68f52927ee1520b913f7badfe
        sourceBlobDigest: sha256:6bf4741a8b56fbb6799e1c6860ca58275c50827d4acc9835ffbae513c20cb5ae
        tags:
            - latest
            - main
targets: {}
workflow:
    workflowVersion: 1.0.0
    speakeasyVersion: latest
    sources:
        merge-code-samples-into-spec:
            inputs:
                - location: registry.speakeasyapi.dev/speakeasy-bar-test/speakeasy-bar-test/bar-api
            overlays:
                - location: registry.speakeasyapi.dev/speakeasy-bar-test/speakeasy-bar-test/code-samples-typescript-bar-typescript:main
            output: ./openapi-with-code-samples.json
            registry:
                location: registry.speakeasyapi.dev/speakeasy-bar-test/speakeasy-bar-test/merge-code-samples-into-spec
    targets: {}
