speakeasyVersion: 1.345.4
sources:
    merge-code-samples-into-spec:
        sourceNamespace: merge-code-samples-into-spec
        sourceRevisionDigest: sha256:663d16e24657242b87740ca80173ab78d77be2b2a53beff0a42d1aa4fb5288aa
        sourceBlobDigest: sha256:e4d7ccc4a78c18d4cc4eb1fa455d90b66d81df41ff2b08f42ae5eb8122314245
        tags:
            - latest
            - main
targets: {}
workflow:
    workflowVersion: 1.0.0
    speakeasyVersion: latest
    sources:
        merge-code-samples-into-spec:
            inputs:
                - location: registry.speakeasyapi.dev/speakeasy-bar-test/speakeasy-bar-test/bar-api
            overlays:
                - location: registry.speakeasyapi.dev/speakeasy-bar-test/speakeasy-bar-test/code-samples-typescript-bar-typescript:main
            output: ./openapi.yaml
            registry:
                location: registry.speakeasyapi.dev/speakeasy-bar-test/speakeasy-bar-test/merge-code-samples-into-spec
    targets: {}
