speakeasyVersion: 1.345.4
sources:
    merge-code-samples-into-spec:
        sourceNamespace: merge-code-samples-into-spec
        sourceRevisionDigest: sha256:3d19e426866fde32b42edf7e63dd20817dd07ae13f8f2a174240ff47af61fb82
        sourceBlobDigest: sha256:0628c6746af4b1f254828530125732bc9304e1f6bbb9d6721641f711cd143c5c
        tags:
            - latest
            - main
targets: {}
workflow:
    workflowVersion: 1.0.0
    speakeasyVersion: latest
    sources:
        merge-code-samples-into-spec:
            inputs:
                - location: registry.speakeasyapi.dev/speakeasy-bar-test/speakeasy-bar-test/bar-api
            overlays:
                - location: registry.speakeasyapi.dev/speakeasy-bar-test/speakeasy-bar-test/code-samples-typescript-bar-typescript:main
            output: ./openapi.yaml
            registry:
                location: registry.speakeasyapi.dev/speakeasy-bar-test/speakeasy-bar-test/merge-code-samples-into-spec
    targets: {}
